
Microsoft Visual Studio Solution File, Format Version 12.00
# Visual Studio 15
VisualStudioVersion = 15.0.27130.2026
MinimumVisualStudioVersion = 10.0.40219.1
Project("{FAE04EC0-301F-11D3-BF4B-00C04F79EFBC}") = "TinoHacksGame", "TinoHacksGame\TinoHacksGame.csproj", "{49628BDF-6FE0-485B-87D4-D945BDE385E1}"
EndProject
Global
	GlobalSection(SolutionConfigurationPlatforms) = preSolution
		Debug|Any CPU = Debug|Any CPU
		Release|Any CPU = Release|Any CPU
	EndGlobalSection
	GlobalSection(ProjectConfigurationPlatforms) = postSolution
		{49628BDF-6FE0-485B-87D4-D945BDE385E1}.Debug|Any CPU.ActiveCfg = Debug|Any CPU
		{49628BDF-6FE0-485B-87D4-D945BDE385E1}.Debug|Any CPU.Build.0 = Debug|Any CPU
		{49628BDF-6FE0-485B-87D4-D945BDE385E1}.Release|Any CPU.ActiveCfg = Release|Any CPU
		{49628BDF-6FE0-485B-87D4-D945BDE385E1}.Release|Any CPU.Build.0 = Release|Any CPU
	EndGlobalSection
	GlobalSection(SolutionProperties) = preSolution
		HideSolutionNode = FALSE
	EndGlobalSection
	GlobalSection(ExtensibilityGlobals) = postSolution
		SolutionGuid = {786E4DB8-0DE4-45BB-AE5D-25A5BB7A9D61}
	EndGlobalSection
EndGlobal
